
Microsoft Visual Studio Solution File, Format Version 12.00
# Visual Studio 15
VisualStudioVersion = 15.0.26228.9
MinimumVisualStudioVersion = 10.0.40219.1
Project("{FAE04EC0-301F-11D3-BF4B-00C04F79EFBC}") = "ClassAssignment", "ClassAssignment\ClassAssignment.csproj", "{34C82A99-C687-44DF-8498-9B19880BE5A7}"
EndProject
Project("{FAE04EC0-301F-11D3-BF4B-00C04F79EFBC}") = "Low Level Objects Library", "Low Level Objects Library\Low Level Objects Library.csproj", "{3666EE7D-B244-49C6-8C64-E8CC9EA5A6A4}"
EndProject
Project("{FAE04EC0-301F-11D3-BF4B-00C04F79EFBC}") = "Games Logic Library", "Games Logic Library\Games Logic Library.csproj", "{99E7232E-0EB0-45FF-A757-6A678F11102A}"
EndProject
Global
	GlobalSection(SolutionConfigurationPlatforms) = preSolution
		Debug|Any CPU = Debug|Any CPU
		Release|Any CPU = Release|Any CPU
	EndGlobalSection
	GlobalSection(ProjectConfigurationPlatforms) = postSolution
		{34C82A99-C687-44DF-8498-9B19880BE5A7}.Debug|Any CPU.ActiveCfg = Debug|Any CPU
		{34C82A99-C687-44DF-8498-9B19880BE5A7}.Debug|Any CPU.Build.0 = Debug|Any CPU
		{34C82A99-C687-44DF-8498-9B19880BE5A7}.Release|Any CPU.ActiveCfg = Release|Any CPU
		{34C82A99-C687-44DF-8498-9B19880BE5A7}.Release|Any CPU.Build.0 = Release|Any CPU
		{3666EE7D-B244-49C6-8C64-E8CC9EA5A6A4}.Debug|Any CPU.ActiveCfg = Debug|Any CPU
		{3666EE7D-B244-49C6-8C64-E8CC9EA5A6A4}.Debug|Any CPU.Build.0 = Debug|Any CPU
		{3666EE7D-B244-49C6-8C64-E8CC9EA5A6A4}.Release|Any CPU.ActiveCfg = Release|Any CPU
		{3666EE7D-B244-49C6-8C64-E8CC9EA5A6A4}.Release|Any CPU.Build.0 = Release|Any CPU
		{99E7232E-0EB0-45FF-A757-6A678F11102A}.Debug|Any CPU.ActiveCfg = Debug|Any CPU
		{99E7232E-0EB0-45FF-A757-6A678F11102A}.Debug|Any CPU.Build.0 = Debug|Any CPU
		{99E7232E-0EB0-45FF-A757-6A678F11102A}.Release|Any CPU.ActiveCfg = Release|Any CPU
		{99E7232E-0EB0-45FF-A757-6A678F11102A}.Release|Any CPU.Build.0 = Release|Any CPU
	EndGlobalSection
	GlobalSection(SolutionProperties) = preSolution
		HideSolutionNode = FALSE
	EndGlobalSection
EndGlobal
